#MicroXplorer Configuration settings - do not modify
PC7.GPIOParameters=GPIO_Label
SPI3.Direction=SPI_DIRECTION_2LINES
SPI4.VirtualType=VM_MASTER
SPI3.VirtualType=VM_MASTER
PE11.GPIOParameters=GPIO_Label
SPI2.VirtualType=VM_MASTER
PC12.Locked=true
PG8.Signal=GPIO_Output
PG8.Locked=true
PC12.Signal=SPI3_MOSI
PC7.Locked=true
RCC.PLLFRACN=3072
PD3.GPIOParameters=GPIO_Label
PC3_C.Mode=Full_Duplex_Master
PD8.Locked=true
PC6.GPIO_Label=VDIFF0
RCC.RTCFreq_Value=32000
PB6.GPIO_Label=MUX_A0
PD0.Locked=true
PA15\ (JTDI).Signal=SPI3_NSS
RCC.CpuClockFreq_Value=270375000
PC5.Mode=RMII
PB13.Signal=SPI2_SCK
PG13.Signal=ETH_TXD0
PinOutPanel.RotationAngle=0
RCC.MCO1PinFreq_Value=64000000
RCC.SYSCLKSource=RCC_SYSCLKSOURCE_PLLCLK
RCC.AHB4Freq_Value=270375000
RCC.LPTIM1Freq_Value=67593750
NVIC.SVCall_IRQn=true\:0\:0\:false\:false\:true\:false\:false
PA15\ (JTDI).Mode=NSS_Signal_Hard_Output
PA14\ (JTCK/SWCLK).Signal=DEBUG_JTCK-SWCLK
PF7.Signal=SPI5_SCK
I2C4.Timing=0x20B0BCFF
SPI3.VirtualNSS=VM_NSSHARD
RCC.I2C4Freq_Value=135187500
PE2.Mode=Full_Duplex_Master
PB6.Signal=GPIO_Output
PC7.Signal=GPIO_Output
RCC.DIVQ3Freq_Value=16125000
PD0.Signal=GPIO_Input
PD8.Signal=GPIO_Output
PE5.Signal=SPI4_MISO
PE10.Locked=true
PE1.Signal=GPIO_Output
PF10.GPIO_Label=nRDC
PE14.Locked=true
ProjectManager.ProjectBuild=false
PG13.Locked=true
NVIC.UsageFault_IRQn=true\:0\:0\:false\:false\:true\:false\:false
PD1.GPIOParameters=GPIO_Label
RCC.DIVM1=4
PD1.GPIO_Label=ADC1_RVS2
PG14.Mode=RMII
ProjectManager.FirmwarePackage=STM32Cube FW_H7 V1.9.0
MxDb.Version=DB.6.0.21
PE15.Locked=true
PE0.GPIOParameters=GPIO_Label
ProjectManager.BackupPrevious=false
RCC.FMCFreq_Value=270375000
PE9.Signal=GPIO_Output
PB14.Mode=Full_Duplex_Master
PE9.Locked=true
RCC.USART16Freq_Value=67593750
PF10.Locked=true
PC9.Mode=I2C
SPI2.CalculateBaudRate=135.1875 MBits/s
PE2.Signal=SPI4_SCK
PA8.Signal=I2C3_SCL
PF8.Mode=Full_Duplex_Master
PE1.Locked=true
PB6.Locked=true
NVIC.PendSV_IRQn=true\:0\:0\:false\:false\:true\:false\:false
PA13\ (JTMS/SWDIO).Locked=true
RCC.DIVR2Freq_Value=16125000
PE10.Signal=GPIO_Output
ProjectManager.HalAssertFull=false
RCC.DIVP2Freq_Value=16125000
RCC.MCO2PinFreq_Value=270375000
PC8.GPIOParameters=GPIO_Label
Mcu.Package=LQFP144
PB9.Signal=GPIO_Output
SPI2.Mode=SPI_MODE_MASTER
RCC.PLL3FRACN=0
PD11.Locked=true
SPI3.Mode=SPI_MODE_MASTER
PE10.GPIOParameters=GPIO_Label
PD12.Signal=I2C4_SCL
PA14\ (JTCK/SWCLK).Locked=true
VP_SYS_VS_Systick.Signal=SYS_VS_Systick
PA10.Signal=GPIO_Output
PE12.GPIO_Label=CXN_REL6
RCC.DFSDMFreq_Value=67593750
PC11.Mode=Full_Duplex_Master
SPI5.CalculateBaudRate=33.796875 MBits/s
RCC.TraceFreq_Value=64000000
RCC.APB4Freq_Value=135187500
RCC.SAI23Freq_Value=270375000
RCC.CECFreq_Value=32000
NVIC.BusFault_IRQn=true\:0\:0\:false\:false\:true\:false\:false
RCC.LPUART1Freq_Value=135187500
PB13.Mode=Full_Duplex_Master
PB10.GPIOParameters=GPIO_Label
PE10.GPIO_Label=TRIG_OUT
PH0-OSC_IN\ (PH0).Mode=HSE-External-Oscillator
SPI5.VirtualType=VM_MASTER
ProjectManager.CustomerFirmwarePackage=
PC4.Mode=RMII
RCC.VCO3OutputFreq_Value=32250000
ProjectManager.ProjectFileName=ETH1CLCR2_MCU.ioc
PD9.GPIO_Label=nADC2_HPF
Mcu.PinsNb=73
Mcu.Pin71=PE1
Mcu.Pin72=VP_SYS_VS_Systick
PC13.Locked=true
PG9.Locked=true
PG9.Signal=GPIO_Output
PA9.GPIO_Label=IRR4
PC13.Signal=GPIO_Output
RCC.SWPMI1Freq_Value=67593750
PD3.Signal=GPIO_Output
Mcu.Pin70=PE0
PC6.Signal=GPIO_Output
PB11.GPIO_Label=CXN_REL1
PD7.Signal=GPIO_Output
PD1.Signal=GPIO_Input
PA11.GPIO_Label=IRR1
Mcu.Pin68=PB8
Mcu.Pin69=PB9
PB14.Locked=true
RCC.QSPIFreq_Value=270375000
Mcu.Pin62=PG11
PG14.Locked=true
Mcu.Pin63=PG13
Mcu.Pin60=PG9
Mcu.Pin61=PG10
Mcu.Pin66=PB6
Mcu.Pin67=PB7
Mcu.Pin64=PG14
Mcu.Pin65=PB5
PG10.Signal=GPIO_Output
PG10.Locked=true
ETH.IPParameters=MediaInterface
PD10.Signal=GPIO_Output
RCC.D1CPREFreq_Value=270375000
PB8.GPIO_Label=DDS_DIV8
RCC.USART234578Freq_Value=67593750
PA11.Locked=true
RCC.Tim1OutputFreq_Value=135187500
Mcu.Pin59=PD7
Mcu.Pin57=PD1
RCC.SPI123Freq_Value=270375000
Mcu.Pin58=PD3
Mcu.Pin51=PA14 (JTCK/SWCLK)
Mcu.Pin52=PA15 (JTDI)
Mcu.Pin50=PA13 (JTMS/SWDIO)
Mcu.Pin55=PC12
Mcu.Pin56=PD0
Mcu.Pin53=PC10
Mcu.Pin54=PC11
PC6.Locked=true
PA9.Signal=GPIO_Output
RCC.DIVN1=270
PB11.GPIOParameters=GPIO_Label
PB5.Locked=true
PB9.Locked=true
SPI4.VirtualNSS=VM_NSSHARD
PD7.Locked=true
PE9.GPIO_Label=TRIG_EN
Mcu.Pin48=PA11
Mcu.Pin49=PA12
Mcu.Pin46=PA9
Mcu.Pin47=PA10
PB10.Signal=GPIO_Output
PB14.Signal=SPI2_MISO
Mcu.Pin40=PG8
Mcu.Pin41=PC6
PE13.GPIOParameters=GPIO_Label
Mcu.Pin44=PC9
PC12.Mode=Full_Duplex_Master
Mcu.Pin45=PA8
Mcu.Pin42=PC7
Mcu.Pin43=PC8
PE1.GPIO_Label=nDDS_DIV10
ProjectManager.LastFirmware=true
RCC.AHB12Freq_Value=270375000
PA1.Mode=RMII
PE14.Signal=GPIO_Output
PE6.Mode=Full_Duplex_Master
PE15.Signal=GPIO_Output
Mcu.Pin37=PD12
Mcu.Pin38=PD13
PB15.GPIO_Label=nADC2_RST
Mcu.Pin35=PD10
Mcu.Pin36=PD11
Mcu.Pin39=PD14
RCC.RNGFreq_Value=48000000
Mcu.Pin30=PB13
Mcu.Pin33=PD8
Mcu.Pin34=PD9
Mcu.Pin31=PB14
Mcu.Pin32=PB15
PA9.Locked=true
NVIC.NonMaskableInt_IRQn=true\:0\:0\:false\:false\:true\:false\:false
ProjectManager.FreePins=false
RCC.LPTIM2Freq_Value=135187500
Mcu.Pin26=PE15
Mcu.Pin27=PB10
Mcu.Pin24=PE13
ProjectManager.UnderRoot=true
PE13.Locked=true
Mcu.Pin25=PE14
Mcu.Pin28=PB11
PC7.GPIO_Label=VDIFF2
Mcu.Pin29=PB12
PD14.GPIOParameters=GPIO_Label
Mcu.Pin22=PE11
PB5.Signal=GPIO_Output
ETH.MediaInterface=HAL_ETH_RMII_MODE
Mcu.Pin23=PE12
Mcu.Pin20=PE9
Mcu.Pin21=PE10
PE13.GPIO_Label=CXN_REL5
PD12.Mode=I2C
PD10.Locked=true
PA10.Locked=true
NVIC.ForceEnableDMAVector=true
PD11.Signal=GPIO_Output
NVIC.MemoryManagement_IRQn=true\:0\:0\:false\:false\:true\:false\:false
ProjectManager.CompilerOptimize=6
PG11.Mode=RMII
PA11.Signal=GPIO_Output
ProjectManager.HeapSize=0x200
Mcu.Pin15=PA1
NVIC.HardFault_IRQn=true\:0\:0\:false\:false\:true\:false\:false
Mcu.Pin16=PA2
Mcu.Pin13=PC1
Mcu.Pin14=PC3_C
PF10.GPIOParameters=GPIO_Label
Mcu.Pin19=PC5
PF6.Mode=NSS_Signal_Hard_Output
RCC.LPTIM345Freq_Value=135187500
ProjectManager.ComputerToolchain=false
PF9.Signal=SPI5_MOSI
Mcu.Pin17=PA7
Mcu.Pin18=PC4
RCC.LTDCFreq_Value=16125000
NVIC.PriorityGroup=NVIC_PRIORITYGROUP_4
Mcu.Pin11=PH0-OSC_IN (PH0)
Mcu.Pin12=PH1-OSC_OUT (PH1)
PD0.GPIOParameters=GPIO_Label
Mcu.Pin10=PF10
PE3.Signal=GPIO_Output
PA8.Mode=I2C
PE12.GPIOParameters=GPIO_Label
RCC.HCLK3ClockFreq_Value=270375000
PD1.Locked=true
SPI5.IPParameters=VirtualType,Mode,Direction,CalculateBaudRate,VirtualNSS
PC1.Signal=ETH_MDC
PD7.GPIOParameters=GPIO_Label
PG10.GPIO_Label=LED_RED
PA13\ (JTMS/SWDIO).Signal=DEBUG_JTMS-SWDIO
PC1.Mode=RMII
Mcu.Family=STM32H7
RCC.DIVQ2Freq_Value=16125000
ProjectManager.MainLocation=Core/Src
SPI2.VirtualNSS=VM_NSSHARD
RCC.SAI1Freq_Value=270375000
RCC.CortexFreq_Value=270375000
PG9.GPIOParameters=GPIO_Label
ProjectManager.KeepUserCode=true
Mcu.UserName=STM32H743ZITx
PD9.GPIOParameters=GPIO_Label
PH0-OSC_IN\ (PH0).Signal=RCC_OSC_IN
PE11.GPIO_Label=TRIG_IN
PC10.Signal=SPI3_SCK
SPI4.Direction=SPI_DIRECTION_2LINES
PA12.GPIOParameters=GPIO_Label
ProjectManager.functionlistsort=1-MX_GPIO_Init-GPIO-false-HAL-true,2-SystemClock_Config-RCC-false-HAL-false,3-MX_ETH_Init-ETH-false-HAL-true,4-MX_I2C3_Init-I2C3-false-HAL-true,5-MX_I2C4_Init-I2C4-false-HAL-true,6-MX_SPI2_Init-SPI2-false-HAL-true,7-MX_SPI3_Init-SPI3-false-HAL-true,8-MX_SPI4_Init-SPI4-false-HAL-true,9-MX_SPI5_Init-SPI5-false-HAL-true
PA9.GPIOParameters=GPIO_Label
PA11.GPIOParameters=GPIO_Label
PD0.GPIO_Label=ADC1_RVS1
RCC.PLL2FRACN=0
RCC.VCO2OutputFreq_Value=32250000
PC13.GPIO_Label=IDIFF1
PB11.Signal=GPIO_Output
PB15.Signal=GPIO_Output
PG11.Signal=ETH_TX_EN
ProjectManager.StackSize=0x400
PB5.GPIOParameters=GPIO_Label
RCC.VCOInput3Freq_Value=250000
PD13.Signal=I2C4_SDA
Mcu.IP4=NVIC
Mcu.IP5=RCC
Mcu.IP2=I2C3
PD13.Locked=true
Mcu.IP3=I2C4
Mcu.IP0=CORTEX_M7
PA12.Locked=true
Mcu.IP1=ETH
PA12.Signal=GPIO_Output
Mcu.UserConstants=
SPI4.Mode=SPI_MODE_MASTER
RCC.SDMMCFreq_Value=270375000
RCC.DIVP3Freq_Value=16125000
Mcu.ThirdPartyNb=0
PD11.GPIO_Label=EEPROM_WP
RCC.HCLKFreq_Value=270375000
Mcu.IPNb=11
ProjectManager.PreviousToolchain=
RCC.SPDIFRXFreq_Value=270375000
PG8.GPIOParameters=GPIO_Label
PD8.GPIOParameters=GPIO_Label
Mcu.Pin6=PF6
Mcu.Pin7=PF7
Mcu.Pin8=PF8
Mcu.Pin9=PF9
SPI4.IPParameters=VirtualType,Mode,Direction,CalculateBaudRate,VirtualNSS
SPI2.BaudRatePrescaler=SPI_BAUDRATEPRESCALER_2
Mcu.Pin0=PE2
Mcu.Pin1=PE3
GPIO.groupedBy=Group By Peripherals
Mcu.Pin2=PE4
RCC.HRTIMFreq_Value=135187500
Mcu.Pin3=PE5
Mcu.Pin4=PE6
PD10.GPIOParameters=GPIO_Label
Mcu.Pin5=PC13
I2C3.IPParameters=Timing
PH1-OSC_OUT\ (PH1).Mode=HSE-External-Oscillator
RCC.DIVR3Freq_Value=16125000
RCC.HSE_VALUE=8000000
NVIC.DebugMonitor_IRQn=true\:0\:0\:false\:false\:true\:false\:false
Mcu.IP10=SYS
NVIC.SysTick_IRQn=true\:0\:0\:false\:false\:true\:false\:true
RCC.DIVP1Freq_Value=270375000
PF9.Mode=Full_Duplex_Master
PE13.Signal=GPIO_Output
File.Version=6
PA10.GPIO_Label=IRR2
PE3.GPIOParameters=GPIO_Label
PE3.Locked=true
PB7.Signal=GPIO_Output
PB8.Locked=true
PG13.Mode=RMII
PE4.Mode=NSS_Signal_Hard_Output
PE4.Signal=SPI4_NSS
PB6.GPIOParameters=GPIO_Label
ProjectManager.ProjectName=ETH1CLCR2_MCU
PD7.GPIO_Label=LED_BLUE
RCC.APB3Freq_Value=135187500
PB7.GPIO_Label=MUX_A1
PB12.Mode=NSS_Signal_Hard_Output
RCC.D1PPRE=RCC_APB3_DIV2
PG11.Locked=true
ProjectManager.ToolChainLocation=
PD14.Locked=true
PF8.Signal=SPI5_MISO
RCC.DIVR1Freq_Value=270375000
PE0.GPIO_Label=DDS_DIV2
I2C3.Timing=0x4030344F
PB5.GPIO_Label=DDS_LPF
SPI3.IPParameters=VirtualType,Mode,Direction,CalculateBaudRate,VirtualNSS,BaudRatePrescaler
SPI2.Direction=SPI_DIRECTION_2LINES
PC5.Signal=ETH_RXD1
PD3.GPIO_Label=ADC_SEL
PE12.Locked=true
RCC.Tim2OutputFreq_Value=135187500
RCC.DFSDMACLkFreq_Value=270375000
PB15.Locked=true
RCC.PLLSourceVirtual=RCC_PLLSOURCE_HSE
PB8.GPIOParameters=GPIO_Label
PA7.Mode=RMII
PE14.GPIOParameters=GPIO_Label
PB9.GPIO_Label=DDS_DIV4
ProjectManager.NoMain=false
PC11.Signal=SPI3_MISO
RCC.SAI4BFreq_Value=270375000
PC8.Signal=GPIO_Output
PC4.Signal=ETH_RXD0
PC10.Mode=Full_Duplex_Master
RCC.D2PPRE2=RCC_APB2_DIV4
RCC.D2PPRE1=RCC_APB1_DIV4
ProjectManager.DefaultFWLocation=true
PE14.GPIO_Label=CXN_REL4
PD9.Signal=GPIO_Output
ProjectManager.DeletePrevious=true
PB10.Locked=true
SPI5.Mode=SPI_MODE_MASTER
PA12.GPIO_Label=IRR3
RCC.FamilyName=M
PH1-OSC_OUT\ (PH1).Signal=RCC_OSC_OUT
PB9.GPIOParameters=GPIO_Label
PD8.GPIO_Label=ADC2_MDIV
PE15.GPIOParameters=GPIO_Label
PE9.GPIOParameters=GPIO_Label
PD12.Locked=true
RCC.SPI6Freq_Value=135187500
PC8.GPIO_Label=VDIFF1
PG8.GPIO_Label=IRR0
PF7.Mode=Full_Duplex_Master
RCC.SPI45Freq_Value=67593750
PE15.GPIO_Label=CXN_REL3
PF6.Signal=SPI5_NSS
ProjectManager.TargetToolchain=STM32CubeIDE
PB10.GPIO_Label=CXN_REL2
RCC.VCO1OutputFreq_Value=540750000
PB7.GPIOParameters=GPIO_Label
RCC.AXIClockFreq_Value=270375000
PD13.Mode=I2C
SPI2.IPParameters=VirtualType,Mode,Direction,CalculateBaudRate,VirtualNSS,BaudRatePrescaler
PG10.GPIOParameters=GPIO_Label
ProjectManager.RegisterCallBack=
PE0.Locked=true
RCC.USBFreq_Value=270375000
PD10.GPIO_Label=ADC2_M0
PE11.Signal=GPIO_Input
PD3.Locked=true
PA1.Signal=ETH_REF_CLK
RCC.CKPERFreq_Value=64000000
PG9.GPIO_Label=LED_GREEN
PG14.Signal=ETH_TXD1
SPI5.VirtualNSS=VM_NSSHARD
board=custom
PD11.GPIOParameters=GPIO_Label
RCC.VCOInput1Freq_Value=2000000
RCC.APB2Freq_Value=67593750
SPI3.CalculateBaudRate=135.1875 MBits/s
MxCube.Version=6.2.1
PC13.GPIOParameters=GPIO_Label
RCC.FDCANFreq_Value=270375000
PF10.Signal=GPIO_Input
PE5.Mode=Full_Duplex_Master
RCC.ADCFreq_Value=16125000
SPI3.BaudRatePrescaler=SPI_BAUDRATEPRESCALER_2
PA10.GPIOParameters=GPIO_Label
VP_SYS_VS_Systick.Mode=SysTick
SPI4.CalculateBaudRate=33.796875 MBits/s
PD14.GPIO_Label=ADC2_M1
PE6.Signal=SPI4_MOSI
PB15.GPIOParameters=GPIO_Label
RCC.IPParameters=ADCFreq_Value,AHB12Freq_Value,AHB4Freq_Value,APB1Freq_Value,APB2Freq_Value,APB3Freq_Value,APB4Freq_Value,AXIClockFreq_Value,CECFreq_Value,CKPERFreq_Value,CortexFreq_Value,CpuClockFreq_Value,D1CPREFreq_Value,D1PPRE,D2PPRE1,D2PPRE2,D3PPRE,DFSDMACLkFreq_Value,DFSDMFreq_Value,DIVM1,DIVN1,DIVP1Freq_Value,DIVP2Freq_Value,DIVP3Freq_Value,DIVQ1Freq_Value,DIVQ2Freq_Value,DIVQ3Freq_Value,DIVR1Freq_Value,DIVR2Freq_Value,DIVR3Freq_Value,FDCANFreq_Value,FMCFreq_Value,FamilyName,HCLK3ClockFreq_Value,HCLKFreq_Value,HRTIMFreq_Value,HSE_VALUE,I2C123Freq_Value,I2C4Freq_Value,LPTIM1Freq_Value,LPTIM2Freq_Value,LPTIM345Freq_Value,LPUART1Freq_Value,LTDCFreq_Value,MCO1PinFreq_Value,MCO2PinFreq_Value,PLL2FRACN,PLL3FRACN,PLLFRACN,PLLSourceVirtual,QSPIFreq_Value,RNGFreq_Value,RTCFreq_Value,SAI1Freq_Value,SAI23Freq_Value,SAI4AFreq_Value,SAI4BFreq_Value,SDMMCFreq_Value,SPDIFRXFreq_Value,SPI123Freq_Value,SPI45Freq_Value,SPI6Freq_Value,SWPMI1Freq_Value,SYSCLKFreq_VALUE,SYSCLKSource,Tim1OutputFreq_Value,Tim2OutputFreq_Value,TraceFreq_Value,USART16Freq_Value,USART234578Freq_Value,USBFreq_Value,VCO1OutputFreq_Value,VCO2OutputFreq_Value,VCO3OutputFreq_Value,VCOInput1Freq_Value,VCOInput2Freq_Value,VCOInput3Freq_Value
PE11.Locked=true
ProjectManager.AskForMigrate=true
Mcu.Name=STM32H743ZITx
PE0.Signal=GPIO_Output
PE12.Signal=GPIO_Output
PA2.Signal=ETH_MDIO
Mcu.IP8=SPI4
Mcu.IP9=SPI5
PD14.Signal=GPIO_Output
Mcu.IP6=SPI2
Mcu.IP7=SPI3
ProjectManager.CoupleFile=false
RCC.SYSCLKFreq_VALUE=270375000
RCC.I2C123Freq_Value=67593750
KeepUserPlacement=false
PC6.GPIOParameters=GPIO_Label
RCC.SAI4AFreq_Value=270375000
PC3_C.Signal=SPI2_MOSI
PB7.Locked=true
RCC.DIVQ1Freq_Value=270375000
PA2.Mode=RMII
PB8.Signal=GPIO_Output
PE3.GPIO_Label=IDIFF0
PC8.Locked=true
RCC.D3PPRE=RCC_APB4_DIV2
PC9.Signal=I2C3_SDA
PA15\ (JTDI).Locked=true
RCC.VCOInput2Freq_Value=250000
PD9.Locked=true
RCC.APB1Freq_Value=67593750
PB11.Locked=true
ProjectManager.DeviceId=STM32H743ZITx
PB12.Signal=SPI2_NSS
ProjectManager.LibraryCopy=1
I2C4.IPParameters=Timing
PE1.GPIOParameters=GPIO_Label
SPI5.Direction=SPI_DIRECTION_2LINES
PA7.Signal=ETH_CRS_DV
isbadioc=true
